
Microsoft Visual Studio Solution File, Format Version 12.00
# Visual Studio Version 16
VisualStudioVersion = 16.0.30330.147
MinimumVisualStudioVersion = 10.0.40219.1
Project("{9A19103F-16F7-4668-BE54-9A1E7A4F7556}") = "PlannerApp.Client", "PlannerApp.Client\PlannerApp.Client.csproj", "{0F67BCA3-3A63-4AE9-BA17-805F1AC22D89}"
EndProject
Project("{9A19103F-16F7-4668-BE54-9A1E7A4F7556}") = "PlannerApp.Shared", "PlannerApp.Shared\PlannerApp.Shared.csproj", "{4207CB9A-6D5C-4C21-97F5-8489A33D6ACC}"
EndProject
Global
	GlobalSection(SolutionConfigurationPlatforms) = preSolution
		Debug|Any CPU = Debug|Any CPU
		Release|Any CPU = Release|Any CPU
	EndGlobalSection
	GlobalSection(ProjectConfigurationPlatforms) = postSolution
		{0F67BCA3-3A63-4AE9-BA17-805F1AC22D89}.Debug|Any CPU.ActiveCfg = Debug|Any CPU
		{0F67BCA3-3A63-4AE9-BA17-805F1AC22D89}.Debug|Any CPU.Build.0 = Debug|Any CPU
		{0F67BCA3-3A63-4AE9-BA17-805F1AC22D89}.Release|Any CPU.ActiveCfg = Release|Any CPU
		{0F67BCA3-3A63-4AE9-BA17-805F1AC22D89}.Release|Any CPU.Build.0 = Release|Any CPU
		{4207CB9A-6D5C-4C21-97F5-8489A33D6ACC}.Debug|Any CPU.ActiveCfg = Debug|Any CPU
		{4207CB9A-6D5C-4C21-97F5-8489A33D6ACC}.Debug|Any CPU.Build.0 = Debug|Any CPU
		{4207CB9A-6D5C-4C21-97F5-8489A33D6ACC}.Release|Any CPU.ActiveCfg = Release|Any CPU
		{4207CB9A-6D5C-4C21-97F5-8489A33D6ACC}.Release|Any CPU.Build.0 = Release|Any CPU
	EndGlobalSection
	GlobalSection(SolutionProperties) = preSolution
		HideSolutionNode = FALSE
	EndGlobalSection
	GlobalSection(ExtensibilityGlobals) = postSolution
		SolutionGuid = {120BCC62-AC21-464F-8DBA-21D391874CAD}
	EndGlobalSection
EndGlobal
